{
  "pins" : [
    {
      "identity" : "eidwebrtc-spm",
      "kind" : "remoteSourceControl",
      "location" : "https://github.com/signicat/eidwebrtc-spm",
      "state" : {
        "branch" : "feature/VID-7398-change-gihub-repository",
        "revision" : "678ec9c33e40cbf53f2d23a01d81e4cbf3854143"
      }
    },
    {
      "identity" : "lottie-spm",
      "kind" : "remoteSourceControl",
      "location" : "https://github.com/airbnb/lottie-spm.git",
      "state" : {
        "revision" : "1d29eccc24cc8b75bff9f6804155112c0ffc9605",
        "version" : "4.4.3"
      }
    },
    {
      "identity" : "openssl",
      "kind" : "remoteSourceControl",
      "location" : "https://github.com/krzyzanowskim/OpenSSL.git",
      "state" : {
        "revision" : "84a8ae774291a4ab1971e42908d5114d98d4b623",
        "version" : "3.1.5004"
      }
    }
  ],
  "version" : 2
}
