{
  "pins" : [
    {
      "identity" : "eidwebrtc-spm",
      "kind" : "remoteSourceControl",
      "location" : "https://gitlab.electronicid.eu/eid-public/eid-sdk/eidwebrtc-spm",
      "state" : {
        "revision" : "1351ca17cedc9a8fc2df9ea12ddf796f9b1e2ca5",
        "version" : "1.1.35"
      }
    },
    {
      "identity" : "lottie-spm",
      "kind" : "remoteSourceControl",
      "location" : "https://github.com/airbnb/lottie-spm.git",
      "state" : {
        "revision" : "60ea4f82fba8b4cb21a75665a889e86ed4d81c6e",
        "version" : "4.2.0"
      }
    },
    {
      "identity" : "openssl",
      "kind" : "remoteSourceControl",
      "location" : "https://github.com/krzyzanowskim/OpenSSL.git",
      "state" : {
        "revision" : "87f41bf9488e7dd2b0de2ab97cb3eafc7304e0e6",
        "version" : "1.1.2000"
      }
    }
  ],
  "version" : 2
}
